
Microsoft Visual Studio Solution File, Format Version 10.00
# Visual Studio 2008
Project("{FAE04EC0-301F-11D3-BF4B-00C04F79EFBC}") = "Tcp.Controls", "Tcp.Controls\Tcp.Controls.csproj", "{277E88F5-D9C5-45C7-8258-FF40BB7233CC}"
EndProject
Project("{E24C65DC-7377-472B-9ABA-BC803B73C61A}") = "TriStateCheckBox", "TriStateCheckBox\", "{1DF87CF3-269E-49D7-97DC-6B158BDA3746}"
	ProjectSection(WebsiteProperties) = preProject
		TargetFramework = "3.5"
		ProjectReferences = "{277E88F5-D9C5-45C7-8258-FF40BB7233CC}|Tcp.Controls.dll;"
		Debug.AspNetCompiler.VirtualPath = "/TriStateCheckBox"
		Debug.AspNetCompiler.PhysicalPath = "TriStateCheckBox\"
		Debug.AspNetCompiler.TargetPath = "PrecompiledWeb\TriStateCheckBox\"
		Debug.AspNetCompiler.Updateable = "true"
		Debug.AspNetCompiler.ForceOverwrite = "true"
		Debug.AspNetCompiler.FixedNames = "false"
		Debug.AspNetCompiler.Debug = "True"
		Release.AspNetCompiler.VirtualPath = "/TriStateCheckBox"
		Release.AspNetCompiler.PhysicalPath = "TriStateCheckBox\"
		Release.AspNetCompiler.TargetPath = "PrecompiledWeb\TriStateCheckBox\"
		Release.AspNetCompiler.Updateable = "true"
		Release.AspNetCompiler.ForceOverwrite = "true"
		Release.AspNetCompiler.FixedNames = "false"
		Release.AspNetCompiler.Debug = "False"
		VWDPort = "57599"
	EndProjectSection
EndProject
Global
	GlobalSection(SolutionConfigurationPlatforms) = preSolution
		Debug|Any CPU = Debug|Any CPU
		Release|Any CPU = Release|Any CPU
	EndGlobalSection
	GlobalSection(ProjectConfigurationPlatforms) = postSolution
		{277E88F5-D9C5-45C7-8258-FF40BB7233CC}.Debug|Any CPU.ActiveCfg = Debug|Any CPU
		{277E88F5-D9C5-45C7-8258-FF40BB7233CC}.Debug|Any CPU.Build.0 = Debug|Any CPU
		{277E88F5-D9C5-45C7-8258-FF40BB7233CC}.Release|Any CPU.ActiveCfg = Release|Any CPU
		{277E88F5-D9C5-45C7-8258-FF40BB7233CC}.Release|Any CPU.Build.0 = Release|Any CPU
		{1DF87CF3-269E-49D7-97DC-6B158BDA3746}.Debug|Any CPU.ActiveCfg = Debug|Any CPU
		{1DF87CF3-269E-49D7-97DC-6B158BDA3746}.Debug|Any CPU.Build.0 = Debug|Any CPU
		{1DF87CF3-269E-49D7-97DC-6B158BDA3746}.Release|Any CPU.ActiveCfg = Debug|Any CPU
		{1DF87CF3-269E-49D7-97DC-6B158BDA3746}.Release|Any CPU.Build.0 = Debug|Any CPU
	EndGlobalSection
	GlobalSection(SolutionProperties) = preSolution
		HideSolutionNode = FALSE
	EndGlobalSection
EndGlobal
